// !$*UTF8*$!
{
	archiveVersion = 1;
	classes = {
	};
	objectVersion = 46;
	objects = {

/* Begin PBXBuildFile section */
		1C7543911C09C5AA0075BDAE /* AudioConverterFileConvert.cpp in Sources */ = {isa = PBXBuildFile; fileRef = 1C7543901C09C5A90075BDAE /* AudioConverterFileConvert.cpp */; };
		1C75439B1C09C6320075BDAE /* CADebugPrintf.cpp in Sources */ = {isa = PBXBuildFile; fileRef = 1C7543991C09C6320075BDAE /* CADebugPrintf.cpp */; };
		1CA93C181C04F436006E424A /* main.m in Sources */ = {isa = PBXBuildFile; fileRef = 1CA93C171C04F436006E424A /* main.m */; };
		1CA93C1F1C04F441006E424A /* AudioToolbox.framework in Frameworks */ = {isa = PBXBuildFile; fileRef = 1CA93C1E1C04F441006E424A /* AudioToolbox.framework */; };
/* End PBXBuildFile section */

/* Begin PBXCopyFilesBuildPhase section */
		1CA93C121C04F436006E424A /* CopyFiles */ = {
			isa = PBXCopyFilesBuildPhase;
			buildActionMask = 2147483647;
			dstPath = /usr/share/man/man1/;
			dstSubfolderSpec = 0;
			files = (
			);
			runOnlyForDeploymentPostprocessing = 1;
		};
/* End PBXCopyFilesBuildPhase section */

/* Begin PBXFileReference section */
		1C7543901C09C5A90075BDAE /* AudioConverterFileConvert.cpp */ = {isa = PBXFileReference; fileEncoding = 4; lastKnownFileType = sourcecode.cpp.cpp; path = AudioConverterFileConvert.cpp; sourceTree = "<group>"; };
		1C7543931C09C5C00075BDAE /* CADebugMacros.h */ = {isa = PBXFileReference; lastKnownFileType = sourcecode.c.h; path = CADebugMacros.h; sourceTree = "<group>"; };
		1C7543941C09C5C00075BDAE /* CAMath.h */ = {isa = PBXFileReference; lastKnownFileType = sourcecode.c.h; path = CAMath.h; sourceTree = "<group>"; };
		1C7543951C09C5C00075BDAE /* CAStreamBasicDescription.cpp */ = {isa = PBXFileReference; lastKnownFileType = sourcecode.cpp.cpp; path = CAStreamBasicDescription.cpp; sourceTree = "<group>"; };
		1C7543961C09C5C00075BDAE /* CAStreamBasicDescription.h */ = {isa = PBXFileReference; lastKnownFileType = sourcecode.c.h; path = CAStreamBasicDescription.h; sourceTree = "<group>"; };
		1C7543971C09C5C00075BDAE /* CAXException.cpp */ = {isa = PBXFileReference; lastKnownFileType = sourcecode.cpp.cpp; path = CAXException.cpp; sourceTree = "<group>"; };
		1C7543981C09C5C00075BDAE /* CAXException.h */ = {isa = PBXFileReference; lastKnownFileType = sourcecode.c.h; path = CAXException.h; sourceTree = "<group>"; };
		1C7543991C09C6320075BDAE /* CADebugPrintf.cpp */ = {isa = PBXFileReference; fileEncoding = 4; lastKnownFileType = sourcecode.cpp.cpp; path = CADebugPrintf.cpp; sourceTree = "<group>"; };
		1C75439A1C09C6320075BDAE /* CADebugPrintf.h */ = {isa = PBXFileReference; fileEncoding = 4; lastKnownFileType = sourcecode.c.h; path = CADebugPrintf.h; sourceTree = "<group>"; };
		1C75439D1C09C67F0075BDAE /* Prefix.pch */ = {isa = PBXFileReference; lastKnownFileType = sourcecode.c.h; path = Prefix.pch; sourceTree = "<group>"; };
		1CA93C141C04F436006E424A /* Extended Audio Converter */ = {isa = PBXFileReference; explicitFileType = "compiled.mach-o.executable"; includeInIndex = 0; path = "Extended Audio Converter"; sourceTree = BUILT_PRODUCTS_DIR; };
		1CA93C171C04F436006E424A /* main.m */ = {isa = PBXFileReference; lastKnownFileType = sourcecode.c.objc; path = main.m; sourceTree = "<group>"; };
		1CA93C1E1C04F441006E424A /* AudioToolbox.framework */ = {isa = PBXFileReference; lastKnownFileType = wrapper.framework; name = AudioToolbox.framework; path = System/Library/Frameworks/AudioToolbox.framework; sourceTree = SDKROOT; };
/* End PBXFileReference section */

/* Begin PBXFrameworksBuildPhase section */
		1CA93C111C04F436006E424A /* Frameworks */ = {
			isa = PBXFrameworksBuildPhase;
			buildActionMask = 2147483647;
			files = (
				1CA93C1F1C04F441006E424A /* AudioToolbox.framework in Frameworks */,
			);
			runOnlyForDeploymentPostprocessing = 0;
		};
/* End PBXFrameworksBuildPhase section */

/* Begin PBXGroup section */
		1C7543921C09C5C00075BDAE /* PublicUtility */ = {
			isa = PBXGroup;
			children = (
				1C7543931C09C5C00075BDAE /* CADebugMacros.h */,
				1C7543991C09C6320075BDAE /* CADebugPrintf.cpp */,
				1C75439A1C09C6320075BDAE /* CADebugPrintf.h */,
				1C7543941C09C5C00075BDAE /* CAMath.h */,
				1C7543951C09C5C00075BDAE /* CAStreamBasicDescription.cpp */,
				1C7543961C09C5C00075BDAE /* CAStreamBasicDescription.h */,
				1C7543971C09C5C00075BDAE /* CAXException.cpp */,
				1C7543981C09C5C00075BDAE /* CAXException.h */,
			);
			path = PublicUtility;
			sourceTree = "<group>";
		};
		1CA93C0B1C04F436006E424A = {
			isa = PBXGroup;
			children = (
				1C75439D1C09C67F0075BDAE /* Prefix.pch */,
				1CA93C1E1C04F441006E424A /* AudioToolbox.framework */,
				1CA93C161C04F436006E424A /* Extended Audio Converter */,
				1CA93C151C04F436006E424A /* Products */,
			);
			sourceTree = "<group>";
		};
		1CA93C151C04F436006E424A /* Products */ = {
			isa = PBXGroup;
			children = (
				1CA93C141C04F436006E424A /* Extended Audio Converter */,
			);
			name = Products;
			sourceTree = "<group>";
		};
		1CA93C161C04F436006E424A /* Extended Audio Converter */ = {
			isa = PBXGroup;
			children = (
				1CA93C171C04F436006E424A /* main.m */,
				1C7543901C09C5A90075BDAE /* AudioConverterFileConvert.cpp */,
				1C7543921C09C5C00075BDAE /* PublicUtility */,
			);
			path = "Extended Audio Converter";
			sourceTree = "<group>";
		};
/* End PBXGroup section */

/* Begin PBXNativeTarget section */
		1CA93C131C04F436006E424A /* Extended Audio Converter */ = {
			isa = PBXNativeTarget;
			buildConfigurationList = 1CA93C1B1C04F436006E424A /* Build configuration list for PBXNativeTarget "Extended Audio Converter" */;
			buildPhases = (
				1CA93C101C04F436006E424A /* Sources */,
				1CA93C111C04F436006E424A /* Frameworks */,
				1CA93C121C04F436006E424A /* CopyFiles */,
			);
			buildRules = (
			);
			dependencies = (
			);
			name = "Extended Audio Converter";
			productName = "Extended Audio Converter";
			productReference = 1CA93C141C04F436006E424A /* Extended Audio Converter */;
			productType = "com.apple.product-type.tool";
		};
/* End PBXNativeTarget section */

/* Begin PBXProject section */
		1CA93C0C1C04F436006E424A /* Project object */ = {
			isa = PBXProject;
			attributes = {
				LastUpgradeCheck = 0710;
				ORGANIZATIONNAME = "Michał Czwarnowski";
				TargetAttributes = {
					1CA93C131C04F436006E424A = {
						CreatedOnToolsVersion = 7.1.1;
					};
				};
			};
			buildConfigurationList = 1CA93C0F1C04F436006E424A /* Build configuration list for PBXProject "Extended Audio Converter" */;
			compatibilityVersion = "Xcode 3.2";
			developmentRegion = English;
			hasScannedForEncodings = 0;
			knownRegions = (
				en,
			);
			mainGroup = 1CA93C0B1C04F436006E424A;
			productRefGroup = 1CA93C151C04F436006E424A /* Products */;
			projectDirPath = "";
			projectRoot = "";
			targets = (
				1CA93C131C04F436006E424A /* Extended Audio Converter */,
			);
		};
/* End PBXProject section */

/* Begin PBXSourcesBuildPhase section */
		1CA93C101C04F436006E424A /* Sources */ = {
			isa = PBXSourcesBuildPhase;
			buildActionMask = 2147483647;
			files = (
				1C75439B1C09C6320075BDAE /* CADebugPrintf.cpp in Sources */,
				1CA93C181C04F436006E424A /* main.m in Sources */,
				1C7543911C09C5AA0075BDAE /* AudioConverterFileConvert.cpp in Sources */,
			);
			runOnlyForDeploymentPostprocessing = 0;
		};
/* End PBXSourcesBuildPhase section */

/* Begin XCBuildConfiguration section */
		1CA93C191C04F436006E424A /* Debug */ = {
			isa = XCBuildConfiguration;
			buildSettings = {
				ALWAYS_SEARCH_USER_PATHS = NO;
				CLANG_CXX_LANGUAGE_STANDARD = "gnu++0x";
				CLANG_CXX_LIBRARY = "libc++";
				CLANG_ENABLE_MODULES = YES;
				CLANG_ENABLE_OBJC_ARC = YES;
				CLANG_WARN_BOOL_CONVERSION = YES;
				CLANG_WARN_CONSTANT_CONVERSION = YES;
				CLANG_WARN_DIRECT_OBJC_ISA_USAGE = YES_ERROR;
				CLANG_WARN_EMPTY_BODY = YES;
				CLANG_WARN_ENUM_CONVERSION = YES;
				CLANG_WARN_INT_CONVERSION = YES;
				CLANG_WARN_OBJC_ROOT_CLASS = YES_ERROR;
				CLANG_WARN_UNREACHABLE_CODE = YES;
				CLANG_WARN__DUPLICATE_METHOD_MATCH = YES;
				CODE_SIGN_IDENTITY = "-";
				COPY_PHASE_STRIP = NO;
				DEBUG_INFORMATION_FORMAT = dwarf;
				ENABLE_STRICT_OBJC_MSGSEND = YES;
				ENABLE_TESTABILITY = YES;
				GCC_C_LANGUAGE_STANDARD = gnu99;
				GCC_DYNAMIC_NO_PIC = NO;
				GCC_NO_COMMON_BLOCKS = YES;
				GCC_OPTIMIZATION_LEVEL = 0;
				GCC_PREPROCESSOR_DEFINITIONS = (
					"DEBUG=1",
					"$(inherited)",
				);
				GCC_WARN_64_TO_32_BIT_CONVERSION = YES;
				GCC_WARN_ABOUT_RETURN_TYPE = YES_ERROR;
				GCC_WARN_UNDECLARED_SELECTOR = YES;
				GCC_WARN_UNINITIALIZED_AUTOS = YES_AGGRESSIVE;
				GCC_WARN_UNUSED_FUNCTION = YES;
				GCC_WARN_UNUSED_VARIABLE = YES;
				MACOSX_DEPLOYMENT_TARGET = 10.11;
				MTL_ENABLE_DEBUG_INFO = YES;
				ONLY_ACTIVE_ARCH = YES;
				SDKROOT = macosx;
			};
			name = Debug;
		};
		1CA93C1A1C04F436006E424A /* Release */ = {
			isa = XCBuildConfiguration;
			buildSettings = {
				ALWAYS_SEARCH_USER_PATHS = NO;
				CLANG_CXX_LANGUAGE_STANDARD = "gnu++0x";
				CLANG_CXX_LIBRARY = "libc++";
				CLANG_ENABLE_MODULES = YES;
				CLANG_ENABLE_OBJC_ARC = YES;
				CLANG_WARN_BOOL_CONVERSION = YES;
				CLANG_WARN_CONSTANT_CONVERSION = YES;
				CLANG_WARN_DIRECT_OBJC_ISA_USAGE = YES_ERROR;
				CLANG_WARN_EMPTY_BODY = YES;
				CLANG_WARN_ENUM_CONVERSION = YES;
				CLANG_WARN_INT_CONVERSION = YES;
				CLANG_WARN_OBJC_ROOT_CLASS = YES_ERROR;
				CLANG_WARN_UNREACHABLE_CODE = YES;
				CLANG_WARN__DUPLICATE_METHOD_MATCH = YES;
				CODE_SIGN_IDENTITY = "-";
				COPY_PHASE_STRIP = NO;
				DEBUG_INFORMATION_FORMAT = "dwarf-with-dsym";
				ENABLE_NS_ASSERTIONS = NO;
				ENABLE_STRICT_OBJC_MSGSEND = YES;
				GCC_C_LANGUAGE_STANDARD = gnu99;
				GCC_NO_COMMON_BLOCKS = YES;
				GCC_WARN_64_TO_32_BIT_CONVERSION = YES;
				GCC_WARN_ABOUT_RETURN_TYPE = YES_ERROR;
				GCC_WARN_UNDECLARED_SELECTOR = YES;
				GCC_WARN_UNINITIALIZED_AUTOS = YES_AGGRESSIVE;
				GCC_WARN_UNUSED_FUNCTION = YES;
				GCC_WARN_UNUSED_VARIABLE = YES;
				MACOSX_DEPLOYMENT_TARGET = 10.11;
				MTL_ENABLE_DEBUG_INFO = NO;
				SDKROOT = macosx;
			};
			name = Release;
		};
		1CA93C1C1C04F436006E424A /* Debug */ = {
			isa = XCBuildConfiguration;
			buildSettings = {
				GCC_PREFIX_HEADER = Prefix.pch;
				PRODUCT_NAME = "$(TARGET_NAME)";
			};
			name = Debug;
		};
		1CA93C1D1C04F436006E424A /* Release */ = {
			isa = XCBuildConfiguration;
			buildSettings = {
				GCC_PREFIX_HEADER = Prefix.pch;
				PRODUCT_NAME = "$(TARGET_NAME)";
			};
			name = Release;
		};
/* End XCBuildConfiguration section */

/* Begin XCConfigurationList section */
		1CA93C0F1C04F436006E424A /* Build configuration list for PBXProject "Extended Audio Converter" */ = {
			isa = XCConfigurationList;
			buildConfigurations = (
				1CA93C191C04F436006E424A /* Debug */,
				1CA93C1A1C04F436006E424A /* Release */,
			);
			defaultConfigurationIsVisible = 0;
			defaultConfigurationName = Release;
		};
		1CA93C1B1C04F436006E424A /* Build configuration list for PBXNativeTarget "Extended Audio Converter" */ = {
			isa = XCConfigurationList;
			buildConfigurations = (
				1CA93C1C1C04F436006E424A /* Debug */,
				1CA93C1D1C04F436006E424A /* Release */,
			);
			defaultConfigurationIsVisible = 0;
			defaultConfigurationName = Release;
		};
/* End XCConfigurationList section */
	};
	rootObject = 1CA93C0C1C04F436006E424A /* Project object */;
}
