// !$*UTF8*$!
{
	archiveVersion = 1;
	classes = {
	};
	objectVersion = 46;
	objects = {

/* Begin PBXBuildFile section */
		1CF52DE31BEF84F7007485A5 /* TPAACAudioConverter.m in Sources */ = {isa = PBXBuildFile; fileRef = 1CF52DE21BEF84F7007485A5 /* TPAACAudioConverter.m */; };
		5CD1AE290CCF21EBD743EBB3 /* libPods-TTMiD.a in Frameworks */ = {isa = PBXBuildFile; fileRef = 8DD3F75295DE5ECEE73819BE /* libPods-TTMiD.a */; };
		F07DE1501BEF83C50081FB2B /* main.m in Sources */ = {isa = PBXBuildFile; fileRef = F07DE14F1BEF83C50081FB2B /* main.m */; };
		F07DE1531BEF83C50081FB2B /* AppDelegate.m in Sources */ = {isa = PBXBuildFile; fileRef = F07DE1521BEF83C50081FB2B /* AppDelegate.m */; };
		F07DE1561BEF83C50081FB2B /* ViewController.m in Sources */ = {isa = PBXBuildFile; fileRef = F07DE1551BEF83C50081FB2B /* ViewController.m */; };
		F07DE1591BEF83C50081FB2B /* Main.storyboard in Resources */ = {isa = PBXBuildFile; fileRef = F07DE1571BEF83C50081FB2B /* Main.storyboard */; };
		F07DE15B1BEF83C50081FB2B /* Assets.xcassets in Resources */ = {isa = PBXBuildFile; fileRef = F07DE15A1BEF83C50081FB2B /* Assets.xcassets */; };
		F07DE15E1BEF83C50081FB2B /* LaunchScreen.storyboard in Resources */ = {isa = PBXBuildFile; fileRef = F07DE15C1BEF83C50081FB2B /* LaunchScreen.storyboard */; };
		F07DE1691BEF83C50081FB2B /* TTMiDTests.m in Sources */ = {isa = PBXBuildFile; fileRef = F07DE1681BEF83C50081FB2B /* TTMiDTests.m */; };
		F07DE1741BEF83C50081FB2B /* TTMiDUITests.m in Sources */ = {isa = PBXBuildFile; fileRef = F07DE1731BEF83C50081FB2B /* TTMiDUITests.m */; };
		F07DE1831BEF8DE10081FB2B /* u2.wav in Resources */ = {isa = PBXBuildFile; fileRef = F07DE1821BEF8DE10081FB2B /* u2.wav */; };
/* End PBXBuildFile section */

/* Begin PBXContainerItemProxy section */
		F07DE1651BEF83C50081FB2B /* PBXContainerItemProxy */ = {
			isa = PBXContainerItemProxy;
			containerPortal = F07DE1431BEF83C50081FB2B /* Project object */;
			proxyType = 1;
			remoteGlobalIDString = F07DE14A1BEF83C50081FB2B;
			remoteInfo = TTMiD;
		};
		F07DE1701BEF83C50081FB2B /* PBXContainerItemProxy */ = {
			isa = PBXContainerItemProxy;
			containerPortal = F07DE1431BEF83C50081FB2B /* Project object */;
			proxyType = 1;
			remoteGlobalIDString = F07DE14A1BEF83C50081FB2B;
			remoteInfo = TTMiD;
		};
/* End PBXContainerItemProxy section */

/* Begin PBXFileReference section */
		1CF52DE11BEF84F7007485A5 /* TPAACAudioConverter.h */ = {isa = PBXFileReference; fileEncoding = 4; lastKnownFileType = sourcecode.c.h; path = TPAACAudioConverter.h; sourceTree = "<group>"; };
		1CF52DE21BEF84F7007485A5 /* TPAACAudioConverter.m */ = {isa = PBXFileReference; fileEncoding = 4; lastKnownFileType = sourcecode.c.objc; path = TPAACAudioConverter.m; sourceTree = "<group>"; };
		8DD3F75295DE5ECEE73819BE /* libPods-TTMiD.a */ = {isa = PBXFileReference; explicitFileType = archive.ar; includeInIndex = 0; path = "libPods-TTMiD.a"; sourceTree = BUILT_PRODUCTS_DIR; };
		E2ECBE81E315F9EE4749A6B0 /* Pods-TTMiD.debug.xcconfig */ = {isa = PBXFileReference; includeInIndex = 1; lastKnownFileType = text.xcconfig; name = "Pods-TTMiD.debug.xcconfig"; path = "Pods/Target Support Files/Pods-TTMiD/Pods-TTMiD.debug.xcconfig"; sourceTree = "<group>"; };
		F07DE14B1BEF83C50081FB2B /* TTMiD.app */ = {isa = PBXFileReference; explicitFileType = wrapper.application; includeInIndex = 0; path = TTMiD.app; sourceTree = BUILT_PRODUCTS_DIR; };
		F07DE14F1BEF83C50081FB2B /* main.m */ = {isa = PBXFileReference; lastKnownFileType = sourcecode.c.objc; path = main.m; sourceTree = "<group>"; };
		F07DE1511BEF83C50081FB2B /* AppDelegate.h */ = {isa = PBXFileReference; lastKnownFileType = sourcecode.c.h; path = AppDelegate.h; sourceTree = "<group>"; };
		F07DE1521BEF83C50081FB2B /* AppDelegate.m */ = {isa = PBXFileReference; lastKnownFileType = sourcecode.c.objc; path = AppDelegate.m; sourceTree = "<group>"; };
		F07DE1541BEF83C50081FB2B /* ViewController.h */ = {isa = PBXFileReference; lastKnownFileType = sourcecode.c.h; path = ViewController.h; sourceTree = "<group>"; };
		F07DE1551BEF83C50081FB2B /* ViewController.m */ = {isa = PBXFileReference; lastKnownFileType = sourcecode.c.objc; path = ViewController.m; sourceTree = "<group>"; };
		F07DE1581BEF83C50081FB2B /* Base */ = {isa = PBXFileReference; lastKnownFileType = file.storyboard; name = Base; path = Base.lproj/Main.storyboard; sourceTree = "<group>"; };
		F07DE15A1BEF83C50081FB2B /* Assets.xcassets */ = {isa = PBXFileReference; lastKnownFileType = folder.assetcatalog; path = Assets.xcassets; sourceTree = "<group>"; };
		F07DE15D1BEF83C50081FB2B /* Base */ = {isa = PBXFileReference; lastKnownFileType = file.storyboard; name = Base; path = Base.lproj/LaunchScreen.storyboard; sourceTree = "<group>"; };
		F07DE15F1BEF83C50081FB2B /* Info.plist */ = {isa = PBXFileReference; lastKnownFileType = text.plist.xml; path = Info.plist; sourceTree = "<group>"; };
		F07DE1641BEF83C50081FB2B /* TTMiDTests.xctest */ = {isa = PBXFileReference; explicitFileType = wrapper.cfbundle; includeInIndex = 0; path = TTMiDTests.xctest; sourceTree = BUILT_PRODUCTS_DIR; };
		F07DE1681BEF83C50081FB2B /* TTMiDTests.m */ = {isa = PBXFileReference; lastKnownFileType = sourcecode.c.objc; path = TTMiDTests.m; sourceTree = "<group>"; };
		F07DE16A1BEF83C50081FB2B /* Info.plist */ = {isa = PBXFileReference; lastKnownFileType = text.plist.xml; path = Info.plist; sourceTree = "<group>"; };
		F07DE16F1BEF83C50081FB2B /* TTMiDUITests.xctest */ = {isa = PBXFileReference; explicitFileType = wrapper.cfbundle; includeInIndex = 0; path = TTMiDUITests.xctest; sourceTree = BUILT_PRODUCTS_DIR; };
		F07DE1731BEF83C50081FB2B /* TTMiDUITests.m */ = {isa = PBXFileReference; lastKnownFileType = sourcecode.c.objc; path = TTMiDUITests.m; sourceTree = "<group>"; };
		F07DE1751BEF83C50081FB2B /* Info.plist */ = {isa = PBXFileReference; lastKnownFileType = text.plist.xml; path = Info.plist; sourceTree = "<group>"; };
		F07DE1821BEF8DE10081FB2B /* u2.wav */ = {isa = PBXFileReference; lastKnownFileType = audio.wav; path = u2.wav; sourceTree = "<group>"; };
		FDA92A9A6DF36006C182F8E9 /* Pods-TTMiD.release.xcconfig */ = {isa = PBXFileReference; includeInIndex = 1; lastKnownFileType = text.xcconfig; name = "Pods-TTMiD.release.xcconfig"; path = "Pods/Target Support Files/Pods-TTMiD/Pods-TTMiD.release.xcconfig"; sourceTree = "<group>"; };
/* End PBXFileReference section */

/* Begin PBXFrameworksBuildPhase section */
		F07DE1481BEF83C50081FB2B /* Frameworks */ = {
			isa = PBXFrameworksBuildPhase;
			buildActionMask = 2147483647;
			files = (
				5CD1AE290CCF21EBD743EBB3 /* libPods-TTMiD.a in Frameworks */,
			);
			runOnlyForDeploymentPostprocessing = 0;
		};
		F07DE1611BEF83C50081FB2B /* Frameworks */ = {
			isa = PBXFrameworksBuildPhase;
			buildActionMask = 2147483647;
			files = (
			);
			runOnlyForDeploymentPostprocessing = 0;
		};
		F07DE16C1BEF83C50081FB2B /* Frameworks */ = {
			isa = PBXFrameworksBuildPhase;
			buildActionMask = 2147483647;
			files = (
			);
			runOnlyForDeploymentPostprocessing = 0;
		};
/* End PBXFrameworksBuildPhase section */

/* Begin PBXGroup section */
		150E7BBCC17EB61DDF7EB455 /* Pods */ = {
			isa = PBXGroup;
			children = (
				E2ECBE81E315F9EE4749A6B0 /* Pods-TTMiD.debug.xcconfig */,
				FDA92A9A6DF36006C182F8E9 /* Pods-TTMiD.release.xcconfig */,
			);
			name = Pods;
			sourceTree = "<group>";
		};
		1CF52DC61BEF848F007485A5 /* Codecs */ = {
			isa = PBXGroup;
			children = (
				1CF52DE01BEF84EF007485A5 /* AAC */,
			);
			name = Codecs;
			sourceTree = "<group>";
		};
		1CF52DE01BEF84EF007485A5 /* AAC */ = {
			isa = PBXGroup;
			children = (
				1CF52DE11BEF84F7007485A5 /* TPAACAudioConverter.h */,
				1CF52DE21BEF84F7007485A5 /* TPAACAudioConverter.m */,
			);
			name = AAC;
			sourceTree = "<group>";
		};
		1CF52DE41BEF85D1007485A5 /* Audio Files */ = {
			isa = PBXGroup;
			children = (
				F07DE1821BEF8DE10081FB2B /* u2.wav */,
			);
			name = "Audio Files";
			sourceTree = "<group>";
		};
		7D75209E274ED1E951F9DCCE /* Frameworks */ = {
			isa = PBXGroup;
			children = (
				8DD3F75295DE5ECEE73819BE /* libPods-TTMiD.a */,
			);
			name = Frameworks;
			sourceTree = "<group>";
		};
		F07DE1421BEF83C50081FB2B = {
			isa = PBXGroup;
			children = (
				F07DE14D1BEF83C50081FB2B /* TTMiD */,
				F07DE1671BEF83C50081FB2B /* TTMiDTests */,
				F07DE1721BEF83C50081FB2B /* TTMiDUITests */,
				F07DE14C1BEF83C50081FB2B /* Products */,
				150E7BBCC17EB61DDF7EB455 /* Pods */,
				7D75209E274ED1E951F9DCCE /* Frameworks */,
			);
			sourceTree = "<group>";
		};
		F07DE14C1BEF83C50081FB2B /* Products */ = {
			isa = PBXGroup;
			children = (
				F07DE14B1BEF83C50081FB2B /* TTMiD.app */,
				F07DE1641BEF83C50081FB2B /* TTMiDTests.xctest */,
				F07DE16F1BEF83C50081FB2B /* TTMiDUITests.xctest */,
			);
			name = Products;
			sourceTree = "<group>";
		};
		F07DE14D1BEF83C50081FB2B /* TTMiD */ = {
			isa = PBXGroup;
			children = (
				1CF52DE41BEF85D1007485A5 /* Audio Files */,
				1CF52DC61BEF848F007485A5 /* Codecs */,
				F07DE1511BEF83C50081FB2B /* AppDelegate.h */,
				F07DE1521BEF83C50081FB2B /* AppDelegate.m */,
				F07DE1541BEF83C50081FB2B /* ViewController.h */,
				F07DE1551BEF83C50081FB2B /* ViewController.m */,
				F07DE1571BEF83C50081FB2B /* Main.storyboard */,
				F07DE15A1BEF83C50081FB2B /* Assets.xcassets */,
				F07DE15C1BEF83C50081FB2B /* LaunchScreen.storyboard */,
				F07DE15F1BEF83C50081FB2B /* Info.plist */,
				F07DE14E1BEF83C50081FB2B /* Supporting Files */,
			);
			path = TTMiD;
			sourceTree = "<group>";
		};
		F07DE14E1BEF83C50081FB2B /* Supporting Files */ = {
			isa = PBXGroup;
			children = (
				F07DE14F1BEF83C50081FB2B /* main.m */,
			);
			name = "Supporting Files";
			sourceTree = "<group>";
		};
		F07DE1671BEF83C50081FB2B /* TTMiDTests */ = {
			isa = PBXGroup;
			children = (
				F07DE1681BEF83C50081FB2B /* TTMiDTests.m */,
				F07DE16A1BEF83C50081FB2B /* Info.plist */,
			);
			path = TTMiDTests;
			sourceTree = "<group>";
		};
		F07DE1721BEF83C50081FB2B /* TTMiDUITests */ = {
			isa = PBXGroup;
			children = (
				F07DE1731BEF83C50081FB2B /* TTMiDUITests.m */,
				F07DE1751BEF83C50081FB2B /* Info.plist */,
			);
			path = TTMiDUITests;
			sourceTree = "<group>";
		};
/* End PBXGroup section */

/* Begin PBXNativeTarget section */
		F07DE14A1BEF83C50081FB2B /* TTMiD */ = {
			isa = PBXNativeTarget;
			buildConfigurationList = F07DE1781BEF83C50081FB2B /* Build configuration list for PBXNativeTarget "TTMiD" */;
			buildPhases = (
				3D435CDD7B4A9153BD664493 /* Check Pods Manifest.lock */,
				F07DE1471BEF83C50081FB2B /* Sources */,
				F07DE1481BEF83C50081FB2B /* Frameworks */,
				F07DE1491BEF83C50081FB2B /* Resources */,
				0332B0C201D96A78A8303979 /* Embed Pods Frameworks */,
				FD10CD8AE696CBC407A477B1 /* Copy Pods Resources */,
			);
			buildRules = (
			);
			dependencies = (
			);
			name = TTMiD;
			productName = TTMiD;
			productReference = F07DE14B1BEF83C50081FB2B /* TTMiD.app */;
			productType = "com.apple.product-type.application";
		};
		F07DE1631BEF83C50081FB2B /* TTMiDTests */ = {
			isa = PBXNativeTarget;
			buildConfigurationList = F07DE17B1BEF83C50081FB2B /* Build configuration list for PBXNativeTarget "TTMiDTests" */;
			buildPhases = (
				F07DE1601BEF83C50081FB2B /* Sources */,
				F07DE1611BEF83C50081FB2B /* Frameworks */,
				F07DE1621BEF83C50081FB2B /* Resources */,
			);
			buildRules = (
			);
			dependencies = (
				F07DE1661BEF83C50081FB2B /* PBXTargetDependency */,
			);
			name = TTMiDTests;
			productName = TTMiDTests;
			productReference = F07DE1641BEF83C50081FB2B /* TTMiDTests.xctest */;
			productType = "com.apple.product-type.bundle.unit-test";
		};
		F07DE16E1BEF83C50081FB2B /* TTMiDUITests */ = {
			isa = PBXNativeTarget;
			buildConfigurationList = F07DE17E1BEF83C50081FB2B /* Build configuration list for PBXNativeTarget "TTMiDUITests" */;
			buildPhases = (
				F07DE16B1BEF83C50081FB2B /* Sources */,
				F07DE16C1BEF83C50081FB2B /* Frameworks */,
				F07DE16D1BEF83C50081FB2B /* Resources */,
			);
			buildRules = (
			);
			dependencies = (
				F07DE1711BEF83C50081FB2B /* PBXTargetDependency */,
			);
			name = TTMiDUITests;
			productName = TTMiDUITests;
			productReference = F07DE16F1BEF83C50081FB2B /* TTMiDUITests.xctest */;
			productType = "com.apple.product-type.bundle.ui-testing";
		};
/* End PBXNativeTarget section */

/* Begin PBXProject section */
		F07DE1431BEF83C50081FB2B /* Project object */ = {
			isa = PBXProject;
			attributes = {
				LastUpgradeCheck = 0710;
				ORGANIZATIONNAME = "Damian & Michał";
				TargetAttributes = {
					F07DE14A1BEF83C50081FB2B = {
						CreatedOnToolsVersion = 7.1;
					};
					F07DE1631BEF83C50081FB2B = {
						CreatedOnToolsVersion = 7.1;
						TestTargetID = F07DE14A1BEF83C50081FB2B;
					};
					F07DE16E1BEF83C50081FB2B = {
						CreatedOnToolsVersion = 7.1;
						TestTargetID = F07DE14A1BEF83C50081FB2B;
					};
				};
			};
			buildConfigurationList = F07DE1461BEF83C50081FB2B /* Build configuration list for PBXProject "TTMiD" */;
			compatibilityVersion = "Xcode 3.2";
			developmentRegion = English;
			hasScannedForEncodings = 0;
			knownRegions = (
				en,
				Base,
			);
			mainGroup = F07DE1421BEF83C50081FB2B;
			productRefGroup = F07DE14C1BEF83C50081FB2B /* Products */;
			projectDirPath = "";
			projectRoot = "";
			targets = (
				F07DE14A1BEF83C50081FB2B /* TTMiD */,
				F07DE1631BEF83C50081FB2B /* TTMiDTests */,
				F07DE16E1BEF83C50081FB2B /* TTMiDUITests */,
			);
		};
/* End PBXProject section */

/* Begin PBXResourcesBuildPhase section */
		F07DE1491BEF83C50081FB2B /* Resources */ = {
			isa = PBXResourcesBuildPhase;
			buildActionMask = 2147483647;
			files = (
				F07DE15E1BEF83C50081FB2B /* LaunchScreen.storyboard in Resources */,
				F07DE1831BEF8DE10081FB2B /* u2.wav in Resources */,
				F07DE15B1BEF83C50081FB2B /* Assets.xcassets in Resources */,
				F07DE1591BEF83C50081FB2B /* Main.storyboard in Resources */,
			);
			runOnlyForDeploymentPostprocessing = 0;
		};
		F07DE1621BEF83C50081FB2B /* Resources */ = {
			isa = PBXResourcesBuildPhase;
			buildActionMask = 2147483647;
			files = (
			);
			runOnlyForDeploymentPostprocessing = 0;
		};
		F07DE16D1BEF83C50081FB2B /* Resources */ = {
			isa = PBXResourcesBuildPhase;
			buildActionMask = 2147483647;
			files = (
			);
			runOnlyForDeploymentPostprocessing = 0;
		};
/* End PBXResourcesBuildPhase section */

/* Begin PBXShellScriptBuildPhase section */
		0332B0C201D96A78A8303979 /* Embed Pods Frameworks */ = {
			isa = PBXShellScriptBuildPhase;
			buildActionMask = 2147483647;
			files = (
			);
			inputPaths = (
			);
			name = "Embed Pods Frameworks";
			outputPaths = (
			);
			runOnlyForDeploymentPostprocessing = 0;
			shellPath = /bin/sh;
			shellScript = "\"${SRCROOT}/Pods/Target Support Files/Pods-TTMiD/Pods-TTMiD-frameworks.sh\"\n";
			showEnvVarsInLog = 0;
		};
		3D435CDD7B4A9153BD664493 /* Check Pods Manifest.lock */ = {
			isa = PBXShellScriptBuildPhase;
			buildActionMask = 2147483647;
			files = (
			);
			inputPaths = (
			);
			name = "Check Pods Manifest.lock";
			outputPaths = (
			);
			runOnlyForDeploymentPostprocessing = 0;
			shellPath = /bin/sh;
			shellScript = "diff \"${PODS_ROOT}/../Podfile.lock\" \"${PODS_ROOT}/Manifest.lock\" > /dev/null\nif [[ $? != 0 ]] ; then\n    cat << EOM\nerror: The sandbox is not in sync with the Podfile.lock. Run 'pod install' or update your CocoaPods installation.\nEOM\n    exit 1\nfi\n";
			showEnvVarsInLog = 0;
		};
		FD10CD8AE696CBC407A477B1 /* Copy Pods Resources */ = {
			isa = PBXShellScriptBuildPhase;
			buildActionMask = 2147483647;
			files = (
			);
			inputPaths = (
			);
			name = "Copy Pods Resources";
			outputPaths = (
			);
			runOnlyForDeploymentPostprocessing = 0;
			shellPath = /bin/sh;
			shellScript = "\"${SRCROOT}/Pods/Target Support Files/Pods-TTMiD/Pods-TTMiD-resources.sh\"\n";
			showEnvVarsInLog = 0;
		};
/* End PBXShellScriptBuildPhase section */

/* Begin PBXSourcesBuildPhase section */
		F07DE1471BEF83C50081FB2B /* Sources */ = {
			isa = PBXSourcesBuildPhase;
			buildActionMask = 2147483647;
			files = (
				F07DE1561BEF83C50081FB2B /* ViewController.m in Sources */,
				F07DE1531BEF83C50081FB2B /* AppDelegate.m in Sources */,
				F07DE1501BEF83C50081FB2B /* main.m in Sources */,
				1CF52DE31BEF84F7007485A5 /* TPAACAudioConverter.m in Sources */,
			);
			runOnlyForDeploymentPostprocessing = 0;
		};
		F07DE1601BEF83C50081FB2B /* Sources */ = {
			isa = PBXSourcesBuildPhase;
			buildActionMask = 2147483647;
			files = (
				F07DE1691BEF83C50081FB2B /* TTMiDTests.m in Sources */,
			);
			runOnlyForDeploymentPostprocessing = 0;
		};
		F07DE16B1BEF83C50081FB2B /* Sources */ = {
			isa = PBXSourcesBuildPhase;
			buildActionMask = 2147483647;
			files = (
				F07DE1741BEF83C50081FB2B /* TTMiDUITests.m in Sources */,
			);
			runOnlyForDeploymentPostprocessing = 0;
		};
/* End PBXSourcesBuildPhase section */

/* Begin PBXTargetDependency section */
		F07DE1661BEF83C50081FB2B /* PBXTargetDependency */ = {
			isa = PBXTargetDependency;
			target = F07DE14A1BEF83C50081FB2B /* TTMiD */;
			targetProxy = F07DE1651BEF83C50081FB2B /* PBXContainerItemProxy */;
		};
		F07DE1711BEF83C50081FB2B /* PBXTargetDependency */ = {
			isa = PBXTargetDependency;
			target = F07DE14A1BEF83C50081FB2B /* TTMiD */;
			targetProxy = F07DE1701BEF83C50081FB2B /* PBXContainerItemProxy */;
		};
/* End PBXTargetDependency section */

/* Begin PBXVariantGroup section */
		F07DE1571BEF83C50081FB2B /* Main.storyboard */ = {
			isa = PBXVariantGroup;
			children = (
				F07DE1581BEF83C50081FB2B /* Base */,
			);
			name = Main.storyboard;
			sourceTree = "<group>";
		};
		F07DE15C1BEF83C50081FB2B /* LaunchScreen.storyboard */ = {
			isa = PBXVariantGroup;
			children = (
				F07DE15D1BEF83C50081FB2B /* Base */,
			);
			name = LaunchScreen.storyboard;
			sourceTree = "<group>";
		};
/* End PBXVariantGroup section */

/* Begin XCBuildConfiguration section */
		F07DE1761BEF83C50081FB2B /* Debug */ = {
			isa = XCBuildConfiguration;
			buildSettings = {
				ALWAYS_SEARCH_USER_PATHS = NO;
				CLANG_CXX_LANGUAGE_STANDARD = "gnu++0x";
				CLANG_CXX_LIBRARY = "libc++";
				CLANG_ENABLE_MODULES = YES;
				CLANG_ENABLE_OBJC_ARC = YES;
				CLANG_WARN_BOOL_CONVERSION = YES;
				CLANG_WARN_CONSTANT_CONVERSION = YES;
				CLANG_WARN_DIRECT_OBJC_ISA_USAGE = YES_ERROR;
				CLANG_WARN_EMPTY_BODY = YES;
				CLANG_WARN_ENUM_CONVERSION = YES;
				CLANG_WARN_INT_CONVERSION = YES;
				CLANG_WARN_OBJC_ROOT_CLASS = YES_ERROR;
				CLANG_WARN_UNREACHABLE_CODE = YES;
				CLANG_WARN__DUPLICATE_METHOD_MATCH = YES;
				"CODE_SIGN_IDENTITY[sdk=iphoneos*]" = "iPhone Developer";
				COPY_PHASE_STRIP = NO;
				DEBUG_INFORMATION_FORMAT = dwarf;
				ENABLE_STRICT_OBJC_MSGSEND = YES;
				ENABLE_TESTABILITY = YES;
				GCC_C_LANGUAGE_STANDARD = gnu99;
				GCC_DYNAMIC_NO_PIC = NO;
				GCC_NO_COMMON_BLOCKS = YES;
				GCC_OPTIMIZATION_LEVEL = 0;
				GCC_PREPROCESSOR_DEFINITIONS = (
					"DEBUG=1",
					"$(inherited)",
				);
				GCC_WARN_64_TO_32_BIT_CONVERSION = YES;
				GCC_WARN_ABOUT_RETURN_TYPE = YES_ERROR;
				GCC_WARN_UNDECLARED_SELECTOR = YES;
				GCC_WARN_UNINITIALIZED_AUTOS = YES_AGGRESSIVE;
				GCC_WARN_UNUSED_FUNCTION = YES;
				GCC_WARN_UNUSED_VARIABLE = YES;
				IPHONEOS_DEPLOYMENT_TARGET = 9.1;
				MTL_ENABLE_DEBUG_INFO = YES;
				ONLY_ACTIVE_ARCH = YES;
				SDKROOT = iphoneos;
			};
			name = Debug;
		};
		F07DE1771BEF83C50081FB2B /* Release */ = {
			isa = XCBuildConfiguration;
			buildSettings = {
				ALWAYS_SEARCH_USER_PATHS = NO;
				CLANG_CXX_LANGUAGE_STANDARD = "gnu++0x";
				CLANG_CXX_LIBRARY = "libc++";
				CLANG_ENABLE_MODULES = YES;
				CLANG_ENABLE_OBJC_ARC = YES;
				CLANG_WARN_BOOL_CONVERSION = YES;
				CLANG_WARN_CONSTANT_CONVERSION = YES;
				CLANG_WARN_DIRECT_OBJC_ISA_USAGE = YES_ERROR;
				CLANG_WARN_EMPTY_BODY = YES;
				CLANG_WARN_ENUM_CONVERSION = YES;
				CLANG_WARN_INT_CONVERSION = YES;
				CLANG_WARN_OBJC_ROOT_CLASS = YES_ERROR;
				CLANG_WARN_UNREACHABLE_CODE = YES;
				CLANG_WARN__DUPLICATE_METHOD_MATCH = YES;
				"CODE_SIGN_IDENTITY[sdk=iphoneos*]" = "iPhone Developer";
				COPY_PHASE_STRIP = NO;
				DEBUG_INFORMATION_FORMAT = "dwarf-with-dsym";
				ENABLE_NS_ASSERTIONS = NO;
				ENABLE_STRICT_OBJC_MSGSEND = YES;
				GCC_C_LANGUAGE_STANDARD = gnu99;
				GCC_NO_COMMON_BLOCKS = YES;
				GCC_WARN_64_TO_32_BIT_CONVERSION = YES;
				GCC_WARN_ABOUT_RETURN_TYPE = YES_ERROR;
				GCC_WARN_UNDECLARED_SELECTOR = YES;
				GCC_WARN_UNINITIALIZED_AUTOS = YES_AGGRESSIVE;
				GCC_WARN_UNUSED_FUNCTION = YES;
				GCC_WARN_UNUSED_VARIABLE = YES;
				IPHONEOS_DEPLOYMENT_TARGET = 9.1;
				MTL_ENABLE_DEBUG_INFO = NO;
				SDKROOT = iphoneos;
				VALIDATE_PRODUCT = YES;
			};
			name = Release;
		};
		F07DE1791BEF83C50081FB2B /* Debug */ = {
			isa = XCBuildConfiguration;
			baseConfigurationReference = E2ECBE81E315F9EE4749A6B0 /* Pods-TTMiD.debug.xcconfig */;
			buildSettings = {
				ASSETCATALOG_COMPILER_APPICON_NAME = AppIcon;
				INFOPLIST_FILE = TTMiD/Info.plist;
				LD_RUNPATH_SEARCH_PATHS = "$(inherited) @executable_path/Frameworks";
				PRODUCT_BUNDLE_IDENTIFIER = "D-M.TTMiD";
				PRODUCT_NAME = "$(TARGET_NAME)";
			};
			name = Debug;
		};
		F07DE17A1BEF83C50081FB2B /* Release */ = {
			isa = XCBuildConfiguration;
			baseConfigurationReference = FDA92A9A6DF36006C182F8E9 /* Pods-TTMiD.release.xcconfig */;
			buildSettings = {
				ASSETCATALOG_COMPILER_APPICON_NAME = AppIcon;
				INFOPLIST_FILE = TTMiD/Info.plist;
				LD_RUNPATH_SEARCH_PATHS = "$(inherited) @executable_path/Frameworks";
				PRODUCT_BUNDLE_IDENTIFIER = "D-M.TTMiD";
				PRODUCT_NAME = "$(TARGET_NAME)";
			};
			name = Release;
		};
		F07DE17C1BEF83C50081FB2B /* Debug */ = {
			isa = XCBuildConfiguration;
			buildSettings = {
				BUNDLE_LOADER = "$(TEST_HOST)";
				INFOPLIST_FILE = TTMiDTests/Info.plist;
				LD_RUNPATH_SEARCH_PATHS = "$(inherited) @executable_path/Frameworks @loader_path/Frameworks";
				PRODUCT_BUNDLE_IDENTIFIER = "D-M.TTMiDTests";
				PRODUCT_NAME = "$(TARGET_NAME)";
				TEST_HOST = "$(BUILT_PRODUCTS_DIR)/TTMiD.app/TTMiD";
			};
			name = Debug;
		};
		F07DE17D1BEF83C50081FB2B /* Release */ = {
			isa = XCBuildConfiguration;
			buildSettings = {
				BUNDLE_LOADER = "$(TEST_HOST)";
				INFOPLIST_FILE = TTMiDTests/Info.plist;
				LD_RUNPATH_SEARCH_PATHS = "$(inherited) @executable_path/Frameworks @loader_path/Frameworks";
				PRODUCT_BUNDLE_IDENTIFIER = "D-M.TTMiDTests";
				PRODUCT_NAME = "$(TARGET_NAME)";
				TEST_HOST = "$(BUILT_PRODUCTS_DIR)/TTMiD.app/TTMiD";
			};
			name = Release;
		};
		F07DE17F1BEF83C50081FB2B /* Debug */ = {
			isa = XCBuildConfiguration;
			buildSettings = {
				INFOPLIST_FILE = TTMiDUITests/Info.plist;
				LD_RUNPATH_SEARCH_PATHS = "$(inherited) @executable_path/Frameworks @loader_path/Frameworks";
				PRODUCT_BUNDLE_IDENTIFIER = "D-M.TTMiDUITests";
				PRODUCT_NAME = "$(TARGET_NAME)";
				TEST_TARGET_NAME = TTMiD;
				USES_XCTRUNNER = YES;
			};
			name = Debug;
		};
		F07DE1801BEF83C50081FB2B /* Release */ = {
			isa = XCBuildConfiguration;
			buildSettings = {
				INFOPLIST_FILE = TTMiDUITests/Info.plist;
				LD_RUNPATH_SEARCH_PATHS = "$(inherited) @executable_path/Frameworks @loader_path/Frameworks";
				PRODUCT_BUNDLE_IDENTIFIER = "D-M.TTMiDUITests";
				PRODUCT_NAME = "$(TARGET_NAME)";
				TEST_TARGET_NAME = TTMiD;
				USES_XCTRUNNER = YES;
			};
			name = Release;
		};
/* End XCBuildConfiguration section */

/* Begin XCConfigurationList section */
		F07DE1461BEF83C50081FB2B /* Build configuration list for PBXProject "TTMiD" */ = {
			isa = XCConfigurationList;
			buildConfigurations = (
				F07DE1761BEF83C50081FB2B /* Debug */,
				F07DE1771BEF83C50081FB2B /* Release */,
			);
			defaultConfigurationIsVisible = 0;
			defaultConfigurationName = Release;
		};
		F07DE1781BEF83C50081FB2B /* Build configuration list for PBXNativeTarget "TTMiD" */ = {
			isa = XCConfigurationList;
			buildConfigurations = (
				F07DE1791BEF83C50081FB2B /* Debug */,
				F07DE17A1BEF83C50081FB2B /* Release */,
			);
			defaultConfigurationIsVisible = 0;
			defaultConfigurationName = Release;
		};
		F07DE17B1BEF83C50081FB2B /* Build configuration list for PBXNativeTarget "TTMiDTests" */ = {
			isa = XCConfigurationList;
			buildConfigurations = (
				F07DE17C1BEF83C50081FB2B /* Debug */,
				F07DE17D1BEF83C50081FB2B /* Release */,
			);
			defaultConfigurationIsVisible = 0;
			defaultConfigurationName = Release;
		};
		F07DE17E1BEF83C50081FB2B /* Build configuration list for PBXNativeTarget "TTMiDUITests" */ = {
			isa = XCConfigurationList;
			buildConfigurations = (
				F07DE17F1BEF83C50081FB2B /* Debug */,
				F07DE1801BEF83C50081FB2B /* Release */,
			);
			defaultConfigurationIsVisible = 0;
			defaultConfigurationName = Release;
		};
/* End XCConfigurationList section */
	};
	rootObject = F07DE1431BEF83C50081FB2B /* Project object */;
}
